
Microsoft Visual Studio Solution File, Format Version 12.00
# Visual Studio Version 17
VisualStudioVersion = 17.0.31903.59
MinimumVisualStudioVersion = 10.0.40219.1
Project("{FAE04EC0-301F-11D3-BF4B-00C04F79EFBC}") = "InterviewPrep.Domain", "InterviewPrep.Domain\InterviewPrep.Domain.csproj", "{4A583E56-ED1A-49F2-AFB2-6250E91820E0}"
EndProject
Project("{FAE04EC0-301F-11D3-BF4B-00C04F79EFBC}") = "InterviewPrep.Application", "InterviewPrep.Application\InterviewPrep.Application.csproj", "{528D242E-4C28-4AC1-91B1-E5991A0AB2EC}"
EndProject
Project("{FAE04EC0-301F-11D3-BF4B-00C04F79EFBC}") = "InterviewPrep.Infrastructure", "InterviewPrep.Infrastructure\InterviewPrep.Infrastructure.csproj", "{DE7E4D2B-E237-4AC9-8BE5-64D4C5B159D2}"
EndProject
Project("{FAE04EC0-301F-11D3-BF4B-00C04F79EFBC}") = "InterviewPrep.Api", "InterviewPrep.Api\InterviewPrep.Api.csproj", "{45868876-B46E-4421-8A1E-A0B0C59B4572}"
EndProject
Project("{FAE04EC0-301F-11D3-BF4B-00C04F79EFBC}") = "InterviewPrep.Tests", "InterviewPrep.Tests\InterviewPrep.Tests.csproj", "{B1000B71-D087-4051-B1F4-4EB810E8C503}"
EndProject
Global
	GlobalSection(SolutionConfigurationPlatforms) = preSolution
		Debug|Any CPU = Debug|Any CPU
		Debug|x64 = Debug|x64
		Debug|x86 = Debug|x86
		Release|Any CPU = Release|Any CPU
		Release|x64 = Release|x64
		Release|x86 = Release|x86
	EndGlobalSection
	GlobalSection(ProjectConfigurationPlatforms) = postSolution
		{4A583E56-ED1A-49F2-AFB2-6250E91820E0}.Debug|Any CPU.ActiveCfg = Debug|Any CPU
		{4A583E56-ED1A-49F2-AFB2-6250E91820E0}.Debug|Any CPU.Build.0 = Debug|Any CPU
		{4A583E56-ED1A-49F2-AFB2-6250E91820E0}.Debug|x64.ActiveCfg = Debug|Any CPU
		{4A583E56-ED1A-49F2-AFB2-6250E91820E0}.Debug|x64.Build.0 = Debug|Any CPU
		{4A583E56-ED1A-49F2-AFB2-6250E91820E0}.Debug|x86.ActiveCfg = Debug|Any CPU
		{4A583E56-ED1A-49F2-AFB2-6250E91820E0}.Debug|x86.Build.0 = Debug|Any CPU
		{4A583E56-ED1A-49F2-AFB2-6250E91820E0}.Release|Any CPU.ActiveCfg = Release|Any CPU
		{4A583E56-ED1A-49F2-AFB2-6250E91820E0}.Release|Any CPU.Build.0 = Release|Any CPU
		{4A583E56-ED1A-49F2-AFB2-6250E91820E0}.Release|x64.ActiveCfg = Release|Any CPU
		{4A583E56-ED1A-49F2-AFB2-6250E91820E0}.Release|x64.Build.0 = Release|Any CPU
		{4A583E56-ED1A-49F2-AFB2-6250E91820E0}.Release|x86.ActiveCfg = Release|Any CPU
		{4A583E56-ED1A-49F2-AFB2-6250E91820E0}.Release|x86.Build.0 = Release|Any CPU
		{528D242E-4C28-4AC1-91B1-E5991A0AB2EC}.Debug|Any CPU.ActiveCfg = Debug|Any CPU
		{528D242E-4C28-4AC1-91B1-E5991A0AB2EC}.Debug|Any CPU.Build.0 = Debug|Any CPU
		{528D242E-4C28-4AC1-91B1-E5991A0AB2EC}.Debug|x64.ActiveCfg = Debug|Any CPU
		{528D242E-4C28-4AC1-91B1-E5991A0AB2EC}.Debug|x64.Build.0 = Debug|Any CPU
		{528D242E-4C28-4AC1-91B1-E5991A0AB2EC}.Debug|x86.ActiveCfg = Debug|Any CPU
		{528D242E-4C28-4AC1-91B1-E5991A0AB2EC}.Debug|x86.Build.0 = Debug|Any CPU
		{528D242E-4C28-4AC1-91B1-E5991A0AB2EC}.Release|Any CPU.ActiveCfg = Release|Any CPU
		{528D242E-4C28-4AC1-91B1-E5991A0AB2EC}.Release|Any CPU.Build.0 = Release|Any CPU
		{528D242E-4C28-4AC1-91B1-E5991A0AB2EC}.Release|x64.ActiveCfg = Release|Any CPU
		{528D242E-4C28-4AC1-91B1-E5991A0AB2EC}.Release|x64.Build.0 = Release|Any CPU
		{528D242E-4C28-4AC1-91B1-E5991A0AB2EC}.Release|x86.ActiveCfg = Release|Any CPU
		{528D242E-4C28-4AC1-91B1-E5991A0AB2EC}.Release|x86.Build.0 = Release|Any CPU
		{DE7E4D2B-E237-4AC9-8BE5-64D4C5B159D2}.Debug|Any CPU.ActiveCfg = Debug|Any CPU
		{DE7E4D2B-E237-4AC9-8BE5-64D4C5B159D2}.Debug|Any CPU.Build.0 = Debug|Any CPU
		{DE7E4D2B-E237-4AC9-8BE5-64D4C5B159D2}.Debug|x64.ActiveCfg = Debug|Any CPU
		{DE7E4D2B-E237-4AC9-8BE5-64D4C5B159D2}.Debug|x64.Build.0 = Debug|Any CPU
		{DE7E4D2B-E237-4AC9-8BE5-64D4C5B159D2}.Debug|x86.ActiveCfg = Debug|Any CPU
		{DE7E4D2B-E237-4AC9-8BE5-64D4C5B159D2}.Debug|x86.Build.0 = Debug|Any CPU
		{DE7E4D2B-E237-4AC9-8BE5-64D4C5B159D2}.Release|Any CPU.ActiveCfg = Release|Any CPU
		{DE7E4D2B-E237-4AC9-8BE5-64D4C5B159D2}.Release|Any CPU.Build.0 = Release|Any CPU
		{DE7E4D2B-E237-4AC9-8BE5-64D4C5B159D2}.Release|x64.ActiveCfg = Release|Any CPU
		{DE7E4D2B-E237-4AC9-8BE5-64D4C5B159D2}.Release|x64.Build.0 = Release|Any CPU
		{DE7E4D2B-E237-4AC9-8BE5-64D4C5B159D2}.Release|x86.ActiveCfg = Release|Any CPU
		{DE7E4D2B-E237-4AC9-8BE5-64D4C5B159D2}.Release|x86.Build.0 = Release|Any CPU
		{45868876-B46E-4421-8A1E-A0B0C59B4572}.Debug|Any CPU.ActiveCfg = Debug|Any CPU
		{45868876-B46E-4421-8A1E-A0B0C59B4572}.Debug|Any CPU.Build.0 = Debug|Any CPU
		{45868876-B46E-4421-8A1E-A0B0C59B4572}.Debug|x64.ActiveCfg = Debug|Any CPU
		{45868876-B46E-4421-8A1E-A0B0C59B4572}.Debug|x64.Build.0 = Debug|Any CPU
		{45868876-B46E-4421-8A1E-A0B0C59B4572}.Debug|x86.ActiveCfg = Debug|Any CPU
		{45868876-B46E-4421-8A1E-A0B0C59B4572}.Debug|x86.Build.0 = Debug|Any CPU
		{45868876-B46E-4421-8A1E-A0B0C59B4572}.Release|Any CPU.ActiveCfg = Release|Any CPU
		{45868876-B46E-4421-8A1E-A0B0C59B4572}.Release|Any CPU.Build.0 = Release|Any CPU
		{45868876-B46E-4421-8A1E-A0B0C59B4572}.Release|x64.ActiveCfg = Release|Any CPU
		{45868876-B46E-4421-8A1E-A0B0C59B4572}.Release|x64.Build.0 = Release|Any CPU
		{45868876-B46E-4421-8A1E-A0B0C59B4572}.Release|x86.ActiveCfg = Release|Any CPU
		{45868876-B46E-4421-8A1E-A0B0C59B4572}.Release|x86.Build.0 = Release|Any CPU
		{B1000B71-D087-4051-B1F4-4EB810E8C503}.Debug|Any CPU.ActiveCfg = Debug|Any CPU
		{B1000B71-D087-4051-B1F4-4EB810E8C503}.Debug|Any CPU.Build.0 = Debug|Any CPU
		{B1000B71-D087-4051-B1F4-4EB810E8C503}.Debug|x64.ActiveCfg = Debug|Any CPU
		{B1000B71-D087-4051-B1F4-4EB810E8C503}.Debug|x64.Build.0 = Debug|Any CPU
		{B1000B71-D087-4051-B1F4-4EB810E8C503}.Debug|x86.ActiveCfg = Debug|Any CPU
		{B1000B71-D087-4051-B1F4-4EB810E8C503}.Debug|x86.Build.0 = Debug|Any CPU
		{B1000B71-D087-4051-B1F4-4EB810E8C503}.Release|Any CPU.ActiveCfg = Release|Any CPU
		{B1000B71-D087-4051-B1F4-4EB810E8C503}.Release|Any CPU.Build.0 = Release|Any CPU
		{B1000B71-D087-4051-B1F4-4EB810E8C503}.Release|x64.ActiveCfg = Release|Any CPU
		{B1000B71-D087-4051-B1F4-4EB810E8C503}.Release|x64.Build.0 = Release|Any CPU
		{B1000B71-D087-4051-B1F4-4EB810E8C503}.Release|x86.ActiveCfg = Release|Any CPU
		{B1000B71-D087-4051-B1F4-4EB810E8C503}.Release|x86.Build.0 = Release|Any CPU
	EndGlobalSection
	GlobalSection(SolutionProperties) = preSolution
		HideSolutionNode = FALSE
	EndGlobalSection
EndGlobal
